PODS:
  - Alamofire (5.7.1)
  - IQKeyboardManagerSwift (6.5.12)
  - Kingfisher (7.9.0)
  - SwiftyJSON (5.0.1)

DEPENDENCIES:
  - Alamofire
  - IQKeyboardManagerSwift
  - Kingfisher
  - SwiftyJSON

SPEC REPOS:
  trunk:
    - Alamofire
    - IQKeyboardManagerSwift
    - Kingfisher
    - SwiftyJSON

SPEC CHECKSUMS:
  Alamofire: 0123a34370cb170936ae79a8df46cc62b2edeb88
  IQKeyboardManagerSwift: 371b08cb39664fb56030f5345c815a4ffc74bbc0
  Kingfisher: 59f908b6d2f403b0a3e539debb0eec05cb27002c
  SwiftyJSON: 2f33a42c6fbc52764d96f13368585094bfd8aa5e

PODFILE CHECKSUM: 0f8b4a7ce0d107ef9897120e3daec4a3054ad559

COCOAPODS: 1.12.1
